
Microsoft Visual Studio Solution File, Format Version 12.00
# Visual Studio Version 16
VisualStudioVersion = 16.0.32228.343
MinimumVisualStudioVersion = 10.0.40219.1
Project("{FAE04EC0-301F-11D3-BF4B-00C04F79EFBC}") = "AjumaShop", "AjumaShop.csproj", "{47D37592-B675-450F-B35F-6188690A0110}"
EndProject
Global
	GlobalSection(SolutionConfigurationPlatforms) = preSolution
		Debug|Any CPU = Debug|Any CPU
		Release|Any CPU = Release|Any CPU
	EndGlobalSection
	GlobalSection(ProjectConfigurationPlatforms) = postSolution
		{47D37592-B675-450F-B35F-6188690A0110}.Debug|Any CPU.ActiveCfg = Debug|Any CPU
		{47D37592-B675-450F-B35F-6188690A0110}.Debug|Any CPU.Build.0 = Debug|Any CPU
		{47D37592-B675-450F-B35F-6188690A0110}.Release|Any CPU.ActiveCfg = Release|Any CPU
		{47D37592-B675-450F-B35F-6188690A0110}.Release|Any CPU.Build.0 = Release|Any CPU
	EndGlobalSection
	GlobalSection(SolutionProperties) = preSolution
		HideSolutionNode = FALSE
	EndGlobalSection
	GlobalSection(ExtensibilityGlobals) = postSolution
		SolutionGuid = {B79245B1-EE69-46B0-B0CB-9E7AF602A6E1}
	EndGlobalSection
EndGlobal
